// !$*UTF8*$!
{
	archiveVersion = 1;
	classes = {
	};
	objectVersion = 46;
	objects = {

/* Begin PBXBuildFile section */
		2BD135E8E7EE0B9DC90743DF /* Pods_MeditationUITests.framework in Frameworks */ = {isa = PBXBuildFile; fileRef = 6A04F505CC8B3302D38D9A18 /* Pods_MeditationUITests.framework */; };
		45B9590B87277EE487553D61 /* Pods_MeditationTests.framework in Frameworks */ = {isa = PBXBuildFile; fileRef = 99672B0E98ABE582C95FD1C7 /* Pods_MeditationTests.framework */; };
		566ECED7B1505BC7E2181C9B /* Pods_Meditation.framework in Frameworks */ = {isa = PBXBuildFile; fileRef = 30D097C9E6F3846462DA3045 /* Pods_Meditation.framework */; };
		92001A311E5F260E00E70A0C /* ToggleTableViewCell.swift in Sources */ = {isa = PBXBuildFile; fileRef = 92001A301E5F260E00E70A0C /* ToggleTableViewCell.swift */; };
		920103951E4867240049A072 /* TimerClass.swift in Sources */ = {isa = PBXBuildFile; fileRef = 920103941E4867240049A072 /* TimerClass.swift */; };
		920367B41E78672D004D7690 /* InputTableViewCell.swift in Sources */ = {isa = PBXBuildFile; fileRef = 920367B31E78672D004D7690 /* InputTableViewCell.swift */; };
		920367B61E78673D004D7690 /* ButtonTableViewCell.swift in Sources */ = {isa = PBXBuildFile; fileRef = 920367B51E78673D004D7690 /* ButtonTableViewCell.swift */; };
		921A90AD1E55587100F7F6AE /* EditModal.storyboard in Resources */ = {isa = PBXBuildFile; fileRef = 921A90AB1E55587100F7F6AE /* EditModal.storyboard */; };
		921A90AF1E55591200F7F6AE /* OptionTableViewCell.swift in Sources */ = {isa = PBXBuildFile; fileRef = 921A90AE1E55591200F7F6AE /* OptionTableViewCell.swift */; };
		921A90B11E55591B00F7F6AE /* DisplayTableViewCell.swift in Sources */ = {isa = PBXBuildFile; fileRef = 921A90B01E55591B00F7F6AE /* DisplayTableViewCell.swift */; };
		921A90B41E5559C400F7F6AE /* EditModalViewController.swift in Sources */ = {isa = PBXBuildFile; fileRef = 921A90B31E5559C400F7F6AE /* EditModalViewController.swift */; };
		9230BE901E0E0B5A001A12CE /* AppDelegate.swift in Sources */ = {isa = PBXBuildFile; fileRef = 9230BE8F1E0E0B5A001A12CE /* AppDelegate.swift */; };
		9230BE921E0E0B5A001A12CE /* FirstViewController.swift in Sources */ = {isa = PBXBuildFile; fileRef = 9230BE911E0E0B5A001A12CE /* FirstViewController.swift */; };
		9230BE971E0E0B5A001A12CE /* Main.storyboard in Resources */ = {isa = PBXBuildFile; fileRef = 9230BE951E0E0B5A001A12CE /* Main.storyboard */; };
		9230BE991E0E0B5A001A12CE /* Assets.xcassets in Resources */ = {isa = PBXBuildFile; fileRef = 9230BE981E0E0B5A001A12CE /* Assets.xcassets */; };
		9230BE9C1E0E0B5A001A12CE /* LaunchScreen.storyboard in Resources */ = {isa = PBXBuildFile; fileRef = 9230BE9A1E0E0B5A001A12CE /* LaunchScreen.storyboard */; };
		9230BEA71E0E0B5A001A12CE /* MeditationTests.swift in Sources */ = {isa = PBXBuildFile; fileRef = 9230BEA61E0E0B5A001A12CE /* MeditationTests.swift */; };
		9230BEB21E0E0B5A001A12CE /* MeditationUITests.swift in Sources */ = {isa = PBXBuildFile; fileRef = 9230BEB11E0E0B5A001A12CE /* MeditationUITests.swift */; };
		92387A2C1E0E2D9200C86A6D /* TimePickerTableViewCell.swift in Sources */ = {isa = PBXBuildFile; fileRef = 92387A2B1E0E2D9200C86A6D /* TimePickerTableViewCell.swift */; };
		925A3E961E83513100D916D8 /* VisualTimer.swift in Sources */ = {isa = PBXBuildFile; fileRef = 925A3E951E83513100D916D8 /* VisualTimer.swift */; };
		925A3E991E8431DA00D916D8 /* TimerDelegate.swift in Sources */ = {isa = PBXBuildFile; fileRef = 925A3E981E8431DA00D916D8 /* TimerDelegate.swift */; };
		927BE5751E0E19B40073ABFE /* TableCellTypes.swift in Sources */ = {isa = PBXBuildFile; fileRef = 927BE5741E0E19B30073ABFE /* TableCellTypes.swift */; };
		928E32B21E770975006D6DB3 /* CoreData.framework in Frameworks */ = {isa = PBXBuildFile; fileRef = 928E32B11E770975006D6DB3 /* CoreData.framework */; };
		928E32B51E770C87006D6DB3 /* Model.xcdatamodeld in Sources */ = {isa = PBXBuildFile; fileRef = 928E32B31E770C87006D6DB3 /* Model.xcdatamodeld */; };
		928E332E1E77126C006D6DB3 /* TimerTableViewController.swift in Sources */ = {isa = PBXBuildFile; fileRef = 928E332D1E77126C006D6DB3 /* TimerTableViewController.swift */; };
		92974FD61E307FAF0056299D /* ColorPalette.swift in Sources */ = {isa = PBXBuildFile; fileRef = 92974FD51E307FAF0056299D /* ColorPalette.swift */; };
		92AB37361E2E01BC004BCC3F /* IntExtension.swift in Sources */ = {isa = PBXBuildFile; fileRef = 92AB37351E2E01BC004BCC3F /* IntExtension.swift */; };
		92B61B1D1E85A12A00672165 /* RoundView.swift in Sources */ = {isa = PBXBuildFile; fileRef = 92B61B1C1E85A12A00672165 /* RoundView.swift */; };
		92C092C31E2F73E9006EBB01 /* TimerPickerView.swift in Sources */ = {isa = PBXBuildFile; fileRef = 92C092C21E2F73E9006EBB01 /* TimerPickerView.swift */; };
		92C3FC0C1E7AF5ED006FBB2A /* MeditationDisplayTableViewCell.swift in Sources */ = {isa = PBXBuildFile; fileRef = 92C3FC0B1E7AF5ED006FBB2A /* MeditationDisplayTableViewCell.swift */; };
		92C732BF1E519C4E0040C859 /* SoundSelectionViewController.swift in Sources */ = {isa = PBXBuildFile; fileRef = 92C732BE1E519C4E0040C859 /* SoundSelectionViewController.swift */; };
		92E60FE61E4966AB00A2E994 /* PickerTableViewCell.swift in Sources */ = {isa = PBXBuildFile; fileRef = 92E60FE51E4966AB00A2E994 /* PickerTableViewCell.swift */; };
		92EB283E1E51494500AA5DA8 /* AVFoundation.framework in Frameworks */ = {isa = PBXBuildFile; fileRef = 92EB283D1E51494500AA5DA8 /* AVFoundation.framework */; };
		92EB28411E51498400AA5DA8 /* bells.wav in Resources */ = {isa = PBXBuildFile; fileRef = 92EB28401E51498400AA5DA8 /* bells.wav */; };
		92EFCD5A1E5AB6B000B8DC5C /* StringExt+TitleCase.swift in Sources */ = {isa = PBXBuildFile; fileRef = 92EFCD591E5AB6B000B8DC5C /* StringExt+TitleCase.swift */; };
		92EFCD5D1E5ABC6600B8DC5C /* singing_bowl.wav in Resources */ = {isa = PBXBuildFile; fileRef = 92EFCD5B1E5ABC6600B8DC5C /* singing_bowl.wav */; };
		92EFCD5E1E5ABC6600B8DC5C /* wind_chimes.wav in Resources */ = {isa = PBXBuildFile; fileRef = 92EFCD5C1E5ABC6600B8DC5C /* wind_chimes.wav */; };
		92F923A01E79B9530043476C /* AdminViewController.swift in Sources */ = {isa = PBXBuildFile; fileRef = 92F9239F1E79B9530043476C /* AdminViewController.swift */; };
/* End PBXBuildFile section */

/* Begin PBXContainerItemProxy section */
		9230BEA31E0E0B5A001A12CE /* PBXContainerItemProxy */ = {
			isa = PBXContainerItemProxy;
			containerPortal = 9230BE841E0E0B5A001A12CE /* Project object */;
			proxyType = 1;
			remoteGlobalIDString = 9230BE8B1E0E0B5A001A12CE;
			remoteInfo = Meditation;
		};
		9230BEAE1E0E0B5A001A12CE /* PBXContainerItemProxy */ = {
			isa = PBXContainerItemProxy;
			containerPortal = 9230BE841E0E0B5A001A12CE /* Project object */;
			proxyType = 1;
			remoteGlobalIDString = 9230BE8B1E0E0B5A001A12CE;
			remoteInfo = Meditation;
		};
/* End PBXContainerItemProxy section */

/* Begin PBXFileReference section */
		0146E2875DBE1AE8D25A0205 /* Pods-MeditationUITests.debug.xcconfig */ = {isa = PBXFileReference; includeInIndex = 1; lastKnownFileType = text.xcconfig; name = "Pods-MeditationUITests.debug.xcconfig"; path = "Pods/Target Support Files/Pods-MeditationUITests/Pods-MeditationUITests.debug.xcconfig"; sourceTree = "<group>"; };
		0D9193724619460F99C623FA /* Pods-MeditationUITests.release.xcconfig */ = {isa = PBXFileReference; includeInIndex = 1; lastKnownFileType = text.xcconfig; name = "Pods-MeditationUITests.release.xcconfig"; path = "Pods/Target Support Files/Pods-MeditationUITests/Pods-MeditationUITests.release.xcconfig"; sourceTree = "<group>"; };
		30D097C9E6F3846462DA3045 /* Pods_Meditation.framework */ = {isa = PBXFileReference; explicitFileType = wrapper.framework; includeInIndex = 0; path = Pods_Meditation.framework; sourceTree = BUILT_PRODUCTS_DIR; };
		44665835D15A12F6671237B7 /* Pods-Meditation.debug.xcconfig */ = {isa = PBXFileReference; includeInIndex = 1; lastKnownFileType = text.xcconfig; name = "Pods-Meditation.debug.xcconfig"; path = "Pods/Target Support Files/Pods-Meditation/Pods-Meditation.debug.xcconfig"; sourceTree = "<group>"; };
		6A04F505CC8B3302D38D9A18 /* Pods_MeditationUITests.framework */ = {isa = PBXFileReference; explicitFileType = wrapper.framework; includeInIndex = 0; path = Pods_MeditationUITests.framework; sourceTree = BUILT_PRODUCTS_DIR; };
		92001A301E5F260E00E70A0C /* ToggleTableViewCell.swift */ = {isa = PBXFileReference; fileEncoding = 4; lastKnownFileType = sourcecode.swift; path = ToggleTableViewCell.swift; sourceTree = "<group>"; };
		920103941E4867240049A072 /* TimerClass.swift */ = {isa = PBXFileReference; fileEncoding = 4; lastKnownFileType = sourcecode.swift; path = TimerClass.swift; sourceTree = "<group>"; };
		9202B1AC1E7B09210009B066 /* Model 4.xcdatamodel */ = {isa = PBXFileReference; lastKnownFileType = wrapper.xcdatamodel; path = "Model 4.xcdatamodel"; sourceTree = "<group>"; };
		9202B1AD1E7B0EAA0009B066 /* Model 5.xcdatamodel */ = {isa = PBXFileReference; lastKnownFileType = wrapper.xcdatamodel; path = "Model 5.xcdatamodel"; sourceTree = "<group>"; };
		920367B31E78672D004D7690 /* InputTableViewCell.swift */ = {isa = PBXFileReference; fileEncoding = 4; lastKnownFileType = sourcecode.swift; path = InputTableViewCell.swift; sourceTree = "<group>"; };
		920367B51E78673D004D7690 /* ButtonTableViewCell.swift */ = {isa = PBXFileReference; fileEncoding = 4; lastKnownFileType = sourcecode.swift; path = ButtonTableViewCell.swift; sourceTree = "<group>"; };
		920367B71E7895AF004D7690 /* Model 2.xcdatamodel */ = {isa = PBXFileReference; lastKnownFileType = wrapper.xcdatamodel; path = "Model 2.xcdatamodel"; sourceTree = "<group>"; };
		921A90AC1E55587100F7F6AE /* Base */ = {isa = PBXFileReference; lastKnownFileType = file.storyboard; name = Base; path = Base.lproj/EditModal.storyboard; sourceTree = "<group>"; };
		921A90AE1E55591200F7F6AE /* OptionTableViewCell.swift */ = {isa = PBXFileReference; fileEncoding = 4; lastKnownFileType = sourcecode.swift; path = OptionTableViewCell.swift; sourceTree = "<group>"; };
		921A90B01E55591B00F7F6AE /* DisplayTableViewCell.swift */ = {isa = PBXFileReference; fileEncoding = 4; lastKnownFileType = sourcecode.swift; path = DisplayTableViewCell.swift; sourceTree = "<group>"; };
		921A90B31E5559C400F7F6AE /* EditModalViewController.swift */ = {isa = PBXFileReference; fileEncoding = 4; lastKnownFileType = sourcecode.swift; path = EditModalViewController.swift; sourceTree = "<group>"; };
		922464761E8471BE007CCE0E /* Model 6.xcdatamodel */ = {isa = PBXFileReference; lastKnownFileType = wrapper.xcdatamodel; path = "Model 6.xcdatamodel"; sourceTree = "<group>"; };
		9230BE8C1E0E0B5A001A12CE /* Meditation.app */ = {isa = PBXFileReference; explicitFileType = wrapper.application; includeInIndex = 0; path = Meditation.app; sourceTree = BUILT_PRODUCTS_DIR; };
		9230BE8F1E0E0B5A001A12CE /* AppDelegate.swift */ = {isa = PBXFileReference; lastKnownFileType = sourcecode.swift; path = AppDelegate.swift; sourceTree = "<group>"; };
		9230BE911E0E0B5A001A12CE /* FirstViewController.swift */ = {isa = PBXFileReference; lastKnownFileType = sourcecode.swift; path = FirstViewController.swift; sourceTree = "<group>"; };
		9230BE961E0E0B5A001A12CE /* Base */ = {isa = PBXFileReference; lastKnownFileType = file.storyboard; name = Base; path = Base.lproj/Main.storyboard; sourceTree = "<group>"; };
		9230BE981E0E0B5A001A12CE /* Assets.xcassets */ = {isa = PBXFileReference; lastKnownFileType = folder.assetcatalog; path = Assets.xcassets; sourceTree = "<group>"; };
		9230BE9B1E0E0B5A001A12CE /* Base */ = {isa = PBXFileReference; lastKnownFileType = file.storyboard; name = Base; path = Base.lproj/LaunchScreen.storyboard; sourceTree = "<group>"; };
		9230BE9D1E0E0B5A001A12CE /* Info.plist */ = {isa = PBXFileReference; lastKnownFileType = text.plist.xml; path = Info.plist; sourceTree = "<group>"; };
		9230BEA21E0E0B5A001A12CE /* MeditationTests.xctest */ = {isa = PBXFileReference; explicitFileType = wrapper.cfbundle; includeInIndex = 0; path = MeditationTests.xctest; sourceTree = BUILT_PRODUCTS_DIR; };
		9230BEA61E0E0B5A001A12CE /* MeditationTests.swift */ = {isa = PBXFileReference; lastKnownFileType = sourcecode.swift; path = MeditationTests.swift; sourceTree = "<group>"; };
		9230BEA81E0E0B5A001A12CE /* Info.plist */ = {isa = PBXFileReference; lastKnownFileType = text.plist.xml; path = Info.plist; sourceTree = "<group>"; };
		9230BEAD1E0E0B5A001A12CE /* MeditationUITests.xctest */ = {isa = PBXFileReference; explicitFileType = wrapper.cfbundle; includeInIndex = 0; path = MeditationUITests.xctest; sourceTree = BUILT_PRODUCTS_DIR; };
		9230BEB11E0E0B5A001A12CE /* MeditationUITests.swift */ = {isa = PBXFileReference; lastKnownFileType = sourcecode.swift; path = MeditationUITests.swift; sourceTree = "<group>"; };
		9230BEB31E0E0B5A001A12CE /* Info.plist */ = {isa = PBXFileReference; lastKnownFileType = text.plist.xml; path = Info.plist; sourceTree = "<group>"; };
		92387A2B1E0E2D9200C86A6D /* TimePickerTableViewCell.swift */ = {isa = PBXFileReference; fileEncoding = 4; lastKnownFileType = sourcecode.swift; path = TimePickerTableViewCell.swift; sourceTree = "<group>"; };
		925A3E951E83513100D916D8 /* VisualTimer.swift */ = {isa = PBXFileReference; fileEncoding = 4; lastKnownFileType = sourcecode.swift; path = VisualTimer.swift; sourceTree = "<group>"; };
		925A3E981E8431DA00D916D8 /* TimerDelegate.swift */ = {isa = PBXFileReference; fileEncoding = 4; lastKnownFileType = sourcecode.swift; path = TimerDelegate.swift; sourceTree = "<group>"; };
		927BE5741E0E19B30073ABFE /* TableCellTypes.swift */ = {isa = PBXFileReference; fileEncoding = 4; lastKnownFileType = sourcecode.swift; path = TableCellTypes.swift; sourceTree = "<group>"; };
		928E32B11E770975006D6DB3 /* CoreData.framework */ = {isa = PBXFileReference; lastKnownFileType = wrapper.framework; name = CoreData.framework; path = System/Library/Frameworks/CoreData.framework; sourceTree = SDKROOT; };
		928E32B41E770C87006D6DB3 /* Model.xcdatamodel */ = {isa = PBXFileReference; lastKnownFileType = wrapper.xcdatamodel; path = Model.xcdatamodel; sourceTree = "<group>"; };
		928E332D1E77126C006D6DB3 /* TimerTableViewController.swift */ = {isa = PBXFileReference; fileEncoding = 4; lastKnownFileType = sourcecode.swift; path = TimerTableViewController.swift; sourceTree = "<group>"; };
		92974FD51E307FAF0056299D /* ColorPalette.swift */ = {isa = PBXFileReference; fileEncoding = 4; lastKnownFileType = sourcecode.swift; path = ColorPalette.swift; sourceTree = "<group>"; };
		92AB37351E2E01BC004BCC3F /* IntExtension.swift */ = {isa = PBXFileReference; fileEncoding = 4; lastKnownFileType = sourcecode.swift; path = IntExtension.swift; sourceTree = "<group>"; };
		92B61B1C1E85A12A00672165 /* RoundView.swift */ = {isa = PBXFileReference; fileEncoding = 4; lastKnownFileType = sourcecode.swift; path = RoundView.swift; sourceTree = "<group>"; };
		92B61B1E1E85E1AD00672165 /* Model 7.xcdatamodel */ = {isa = PBXFileReference; lastKnownFileType = wrapper.xcdatamodel; path = "Model 7.xcdatamodel"; sourceTree = "<group>"; };
		92C092C21E2F73E9006EBB01 /* TimerPickerView.swift */ = {isa = PBXFileReference; fileEncoding = 4; lastKnownFileType = sourcecode.swift; path = TimerPickerView.swift; sourceTree = "<group>"; };
		92C3FC0B1E7AF5ED006FBB2A /* MeditationDisplayTableViewCell.swift */ = {isa = PBXFileReference; fileEncoding = 4; lastKnownFileType = sourcecode.swift; path = MeditationDisplayTableViewCell.swift; sourceTree = "<group>"; };
		92C732BE1E519C4E0040C859 /* SoundSelectionViewController.swift */ = {isa = PBXFileReference; fileEncoding = 4; lastKnownFileType = sourcecode.swift; path = SoundSelectionViewController.swift; sourceTree = "<group>"; };
		92E60FE51E4966AB00A2E994 /* PickerTableViewCell.swift */ = {isa = PBXFileReference; fileEncoding = 4; lastKnownFileType = sourcecode.swift; path = PickerTableViewCell.swift; sourceTree = "<group>"; };
		92EB283D1E51494500AA5DA8 /* AVFoundation.framework */ = {isa = PBXFileReference; lastKnownFileType = wrapper.framework; name = AVFoundation.framework; path = System/Library/Frameworks/AVFoundation.framework; sourceTree = SDKROOT; };
		92EB28401E51498400AA5DA8 /* bells.wav */ = {isa = PBXFileReference; lastKnownFileType = audio.wav; name = bells.wav; path = ../../../Downloads/bells.wav; sourceTree = "<group>"; };
		92EFCD591E5AB6B000B8DC5C /* StringExt+TitleCase.swift */ = {isa = PBXFileReference; fileEncoding = 4; lastKnownFileType = sourcecode.swift; path = "StringExt+TitleCase.swift"; sourceTree = "<group>"; };
		92EFCD5B1E5ABC6600B8DC5C /* singing_bowl.wav */ = {isa = PBXFileReference; lastKnownFileType = audio.wav; name = singing_bowl.wav; path = ../../../Downloads/singing_bowl.wav; sourceTree = "<group>"; };
		92EFCD5C1E5ABC6600B8DC5C /* wind_chimes.wav */ = {isa = PBXFileReference; lastKnownFileType = audio.wav; name = wind_chimes.wav; path = ../../../Downloads/wind_chimes.wav; sourceTree = "<group>"; };
		92F9239E1E79A4430043476C /* Model 3.xcdatamodel */ = {isa = PBXFileReference; lastKnownFileType = wrapper.xcdatamodel; path = "Model 3.xcdatamodel"; sourceTree = "<group>"; };
		92F9239F1E79B9530043476C /* AdminViewController.swift */ = {isa = PBXFileReference; fileEncoding = 4; lastKnownFileType = sourcecode.swift; path = AdminViewController.swift; sourceTree = "<group>"; };
		99672B0E98ABE582C95FD1C7 /* Pods_MeditationTests.framework */ = {isa = PBXFileReference; explicitFileType = wrapper.framework; includeInIndex = 0; path = Pods_MeditationTests.framework; sourceTree = BUILT_PRODUCTS_DIR; };
		AC8804A14E13D0235D5A4054 /* Pods-Meditation.release.xcconfig */ = {isa = PBXFileReference; includeInIndex = 1; lastKnownFileType = text.xcconfig; name = "Pods-Meditation.release.xcconfig"; path = "Pods/Target Support Files/Pods-Meditation/Pods-Meditation.release.xcconfig"; sourceTree = "<group>"; };
		B4D4A9C2E875899CC21185B5 /* Pods-MeditationTests.debug.xcconfig */ = {isa = PBXFileReference; includeInIndex = 1; lastKnownFileType = text.xcconfig; name = "Pods-MeditationTests.debug.xcconfig"; path = "Pods/Target Support Files/Pods-MeditationTests/Pods-MeditationTests.debug.xcconfig"; sourceTree = "<group>"; };
		C99545A22D3F9BCD4D00F7A1 /* Pods-MeditationTests.release.xcconfig */ = {isa = PBXFileReference; includeInIndex = 1; lastKnownFileType = text.xcconfig; name = "Pods-MeditationTests.release.xcconfig"; path = "Pods/Target Support Files/Pods-MeditationTests/Pods-MeditationTests.release.xcconfig"; sourceTree = "<group>"; };
/* End PBXFileReference section */

/* Begin PBXFrameworksBuildPhase section */
		9230BE891E0E0B5A001A12CE /* Frameworks */ = {
			isa = PBXFrameworksBuildPhase;
			buildActionMask = 2147483647;
			files = (
				928E32B21E770975006D6DB3 /* CoreData.framework in Frameworks */,
				92EB283E1E51494500AA5DA8 /* AVFoundation.framework in Frameworks */,
				566ECED7B1505BC7E2181C9B /* Pods_Meditation.framework in Frameworks */,
			);
			runOnlyForDeploymentPostprocessing = 0;
		};
		9230BE9F1E0E0B5A001A12CE /* Frameworks */ = {
			isa = PBXFrameworksBuildPhase;
			buildActionMask = 2147483647;
			files = (
				45B9590B87277EE487553D61 /* Pods_MeditationTests.framework in Frameworks */,
			);
			runOnlyForDeploymentPostprocessing = 0;
		};
		9230BEAA1E0E0B5A001A12CE /* Frameworks */ = {
			isa = PBXFrameworksBuildPhase;
			buildActionMask = 2147483647;
			files = (
				2BD135E8E7EE0B9DC90743DF /* Pods_MeditationUITests.framework in Frameworks */,
			);
			runOnlyForDeploymentPostprocessing = 0;
		};
/* End PBXFrameworksBuildPhase section */

/* Begin PBXGroup section */
		8C050D80BEFCAC2B089FF218 /* Pods */ = {
			isa = PBXGroup;
			children = (
				44665835D15A12F6671237B7 /* Pods-Meditation.debug.xcconfig */,
				AC8804A14E13D0235D5A4054 /* Pods-Meditation.release.xcconfig */,
				B4D4A9C2E875899CC21185B5 /* Pods-MeditationTests.debug.xcconfig */,
				C99545A22D3F9BCD4D00F7A1 /* Pods-MeditationTests.release.xcconfig */,
				0146E2875DBE1AE8D25A0205 /* Pods-MeditationUITests.debug.xcconfig */,
				0D9193724619460F99C623FA /* Pods-MeditationUITests.release.xcconfig */,
			);
			name = Pods;
			sourceTree = "<group>";
		};
		921A90B21E5559A300F7F6AE /* Controllers */ = {
			isa = PBXGroup;
			children = (
				928E332D1E77126C006D6DB3 /* TimerTableViewController.swift */,
				9230BE911E0E0B5A001A12CE /* FirstViewController.swift */,
				921A90B31E5559C400F7F6AE /* EditModalViewController.swift */,
				92C732BE1E519C4E0040C859 /* SoundSelectionViewController.swift */,
				92F9239F1E79B9530043476C /* AdminViewController.swift */,
			);
			name = Controllers;
			sourceTree = "<group>";
		};
		921A90B51E555A9300F7F6AE /* Storyboards */ = {
			isa = PBXGroup;
			children = (
				9230BE951E0E0B5A001A12CE /* Main.storyboard */,
				921A90AB1E55587100F7F6AE /* EditModal.storyboard */,
			);
			name = Storyboards;
			sourceTree = "<group>";
		};
		9230BE831E0E0B5A001A12CE = {
			isa = PBXGroup;
			children = (
				928E32B31E770C87006D6DB3 /* Model.xcdatamodeld */,
				9230BE8E1E0E0B5A001A12CE /* Meditation */,
				9230BEA51E0E0B5A001A12CE /* MeditationTests */,
				9230BEB01E0E0B5A001A12CE /* MeditationUITests */,
				9230BE8D1E0E0B5A001A12CE /* Products */,
				8C050D80BEFCAC2B089FF218 /* Pods */,
				B02D190436F0D34FC8908C00 /* Frameworks */,
			);
			sourceTree = "<group>";
		};
		9230BE8D1E0E0B5A001A12CE /* Products */ = {
			isa = PBXGroup;
			children = (
				9230BE8C1E0E0B5A001A12CE /* Meditation.app */,
				9230BEA21E0E0B5A001A12CE /* MeditationTests.xctest */,
				9230BEAD1E0E0B5A001A12CE /* MeditationUITests.xctest */,
			);
			name = Products;
			sourceTree = "<group>";
		};
		9230BE8E1E0E0B5A001A12CE /* Meditation */ = {
			isa = PBXGroup;
			children = (
				921A90B51E555A9300F7F6AE /* Storyboards */,
				921A90B21E5559A300F7F6AE /* Controllers */,
				92EB283F1E51496200AA5DA8 /* Resources */,
				92387A281E0E2D5600C86A6D /* TableCells */,
				927BE5731E0E19900073ABFE /* Utilities */,
				9230BE8F1E0E0B5A001A12CE /* AppDelegate.swift */,
				9230BE981E0E0B5A001A12CE /* Assets.xcassets */,
				9230BE9A1E0E0B5A001A12CE /* LaunchScreen.storyboard */,
				9230BE9D1E0E0B5A001A12CE /* Info.plist */,
			);
			path = Meditation;
			sourceTree = "<group>";
		};
		9230BEA51E0E0B5A001A12CE /* MeditationTests */ = {
			isa = PBXGroup;
			children = (
				9230BEA61E0E0B5A001A12CE /* MeditationTests.swift */,
				9230BEA81E0E0B5A001A12CE /* Info.plist */,
			);
			path = MeditationTests;
			sourceTree = "<group>";
		};
		9230BEB01E0E0B5A001A12CE /* MeditationUITests */ = {
			isa = PBXGroup;
			children = (
				9230BEB11E0E0B5A001A12CE /* MeditationUITests.swift */,
				9230BEB31E0E0B5A001A12CE /* Info.plist */,
			);
			path = MeditationUITests;
			sourceTree = "<group>";
		};
		92387A281E0E2D5600C86A6D /* TableCells */ = {
			isa = PBXGroup;
			children = (
				92F9239A1E7997FF0043476C /* EditModal */,
				92E60FE51E4966AB00A2E994 /* PickerTableViewCell.swift */,
				921A90B01E55591B00F7F6AE /* DisplayTableViewCell.swift */,
				92C3FC0B1E7AF5ED006FBB2A /* MeditationDisplayTableViewCell.swift */,
			);
			name = TableCells;
			sourceTree = "<group>";
		};
		925A3E971E8431CC00D916D8 /* Timers */ = {
			isa = PBXGroup;
			children = (
				925A3E951E83513100D916D8 /* VisualTimer.swift */,
				920103941E4867240049A072 /* TimerClass.swift */,
				925A3E981E8431DA00D916D8 /* TimerDelegate.swift */,
			);
			name = Timers;
			sourceTree = "<group>";
		};
		927BE5731E0E19900073ABFE /* Utilities */ = {
			isa = PBXGroup;
			children = (
				925A3E971E8431CC00D916D8 /* Timers */,
				927BE5741E0E19B30073ABFE /* TableCellTypes.swift */,
				92AB37351E2E01BC004BCC3F /* IntExtension.swift */,
				92C092C21E2F73E9006EBB01 /* TimerPickerView.swift */,
				92974FD51E307FAF0056299D /* ColorPalette.swift */,
				92EFCD591E5AB6B000B8DC5C /* StringExt+TitleCase.swift */,
				92B61B1C1E85A12A00672165 /* RoundView.swift */,
			);
			name = Utilities;
			sourceTree = "<group>";
		};
		92EB283F1E51496200AA5DA8 /* Resources */ = {
			isa = PBXGroup;
			children = (
				92EFCD5B1E5ABC6600B8DC5C /* singing_bowl.wav */,
				92EFCD5C1E5ABC6600B8DC5C /* wind_chimes.wav */,
				92EB28401E51498400AA5DA8 /* bells.wav */,
			);
			name = Resources;
			sourceTree = "<group>";
		};
		92F9239A1E7997FF0043476C /* EditModal */ = {
			isa = PBXGroup;
			children = (
				921A90AE1E55591200F7F6AE /* OptionTableViewCell.swift */,
				92387A2B1E0E2D9200C86A6D /* TimePickerTableViewCell.swift */,
				92001A301E5F260E00E70A0C /* ToggleTableViewCell.swift */,
				920367B51E78673D004D7690 /* ButtonTableViewCell.swift */,
				920367B31E78672D004D7690 /* InputTableViewCell.swift */,
			);
			name = EditModal;
			sourceTree = "<group>";
		};
		B02D190436F0D34FC8908C00 /* Frameworks */ = {
			isa = PBXGroup;
			children = (
				928E32B11E770975006D6DB3 /* CoreData.framework */,
				92EB283D1E51494500AA5DA8 /* AVFoundation.framework */,
				30D097C9E6F3846462DA3045 /* Pods_Meditation.framework */,
				99672B0E98ABE582C95FD1C7 /* Pods_MeditationTests.framework */,
				6A04F505CC8B3302D38D9A18 /* Pods_MeditationUITests.framework */,
			);
			name = Frameworks;
			sourceTree = "<group>";
		};
/* End PBXGroup section */

/* Begin PBXNativeTarget section */
		9230BE8B1E0E0B5A001A12CE /* Meditation */ = {
			isa = PBXNativeTarget;
			buildConfigurationList = 9230BEB61E0E0B5A001A12CE /* Build configuration list for PBXNativeTarget "Meditation" */;
			buildPhases = (
				7EC0503E6912CD571D5B3619 /* [CP] Check Pods Manifest.lock */,
				9230BE881E0E0B5A001A12CE /* Sources */,
				9230BE891E0E0B5A001A12CE /* Frameworks */,
				9230BE8A1E0E0B5A001A12CE /* Resources */,
				AEA25D38D33A88A95639AC79 /* [CP] Embed Pods Frameworks */,
				7B4996DA91D034C4C29CDB53 /* [CP] Copy Pods Resources */,
			);
			buildRules = (
			);
			dependencies = (
			);
			name = Meditation;
			productName = Meditation;
			productReference = 9230BE8C1E0E0B5A001A12CE /* Meditation.app */;
			productType = "com.apple.product-type.application";
		};
		9230BEA11E0E0B5A001A12CE /* MeditationTests */ = {
			isa = PBXNativeTarget;
			buildConfigurationList = 9230BEB91E0E0B5A001A12CE /* Build configuration list for PBXNativeTarget "MeditationTests" */;
			buildPhases = (
				587C2FDC58989035CE5BD9BE /* [CP] Check Pods Manifest.lock */,
				9230BE9E1E0E0B5A001A12CE /* Sources */,
				9230BE9F1E0E0B5A001A12CE /* Frameworks */,
				9230BEA01E0E0B5A001A12CE /* Resources */,
				83A883F97FAAA1CC60F4A4C7 /* [CP] Embed Pods Frameworks */,
				BA5DFF7AFCCC41C57A3DF76C /* [CP] Copy Pods Resources */,
			);
			buildRules = (
			);
			dependencies = (
				9230BEA41E0E0B5A001A12CE /* PBXTargetDependency */,
			);
			name = MeditationTests;
			productName = MeditationTests;
			productReference = 9230BEA21E0E0B5A001A12CE /* MeditationTests.xctest */;
			productType = "com.apple.product-type.bundle.unit-test";
		};
		9230BEAC1E0E0B5A001A12CE /* MeditationUITests */ = {
			isa = PBXNativeTarget;
			buildConfigurationList = 9230BEBC1E0E0B5A001A12CE /* Build configuration list for PBXNativeTarget "MeditationUITests" */;
			buildPhases = (
				C5983663DEA26AC8BD5A05AB /* [CP] Check Pods Manifest.lock */,
				9230BEA91E0E0B5A001A12CE /* Sources */,
				9230BEAA1E0E0B5A001A12CE /* Frameworks */,
				9230BEAB1E0E0B5A001A12CE /* Resources */,
				73A623C995491A180700E24D /* [CP] Embed Pods Frameworks */,
				60336CCED4EF5DDF04F1EB9C /* [CP] Copy Pods Resources */,
			);
			buildRules = (
			);
			dependencies = (
				9230BEAF1E0E0B5A001A12CE /* PBXTargetDependency */,
			);
			name = MeditationUITests;
			productName = MeditationUITests;
			productReference = 9230BEAD1E0E0B5A001A12CE /* MeditationUITests.xctest */;
			productType = "com.apple.product-type.bundle.ui-testing";
		};
/* End PBXNativeTarget section */

/* Begin PBXProject section */
		9230BE841E0E0B5A001A12CE /* Project object */ = {
			isa = PBXProject;
			attributes = {
				LastSwiftUpdateCheck = 0810;
				LastUpgradeCheck = 0810;
				ORGANIZATIONNAME = "Zach Strenfel";
				TargetAttributes = {
					9230BE8B1E0E0B5A001A12CE = {
						CreatedOnToolsVersion = 8.1;
						ProvisioningStyle = Automatic;
					};
					9230BEA11E0E0B5A001A12CE = {
						CreatedOnToolsVersion = 8.1;
						ProvisioningStyle = Automatic;
						TestTargetID = 9230BE8B1E0E0B5A001A12CE;
					};
					9230BEAC1E0E0B5A001A12CE = {
						CreatedOnToolsVersion = 8.1;
						ProvisioningStyle = Automatic;
						TestTargetID = 9230BE8B1E0E0B5A001A12CE;
					};
				};
			};
			buildConfigurationList = 9230BE871E0E0B5A001A12CE /* Build configuration list for PBXProject "Meditation" */;
			compatibilityVersion = "Xcode 3.2";
			developmentRegion = English;
			hasScannedForEncodings = 0;
			knownRegions = (
				en,
				Base,
			);
			mainGroup = 9230BE831E0E0B5A001A12CE;
			productRefGroup = 9230BE8D1E0E0B5A001A12CE /* Products */;
			projectDirPath = "";
			projectRoot = "";
			targets = (
				9230BE8B1E0E0B5A001A12CE /* Meditation */,
				9230BEA11E0E0B5A001A12CE /* MeditationTests */,
				9230BEAC1E0E0B5A001A12CE /* MeditationUITests */,
			);
		};
/* End PBXProject section */

/* Begin PBXResourcesBuildPhase section */
		9230BE8A1E0E0B5A001A12CE /* Resources */ = {
			isa = PBXResourcesBuildPhase;
			buildActionMask = 2147483647;
			files = (
				9230BE9C1E0E0B5A001A12CE /* LaunchScreen.storyboard in Resources */,
				9230BE991E0E0B5A001A12CE /* Assets.xcassets in Resources */,
				92EFCD5D1E5ABC6600B8DC5C /* singing_bowl.wav in Resources */,
				9230BE971E0E0B5A001A12CE /* Main.storyboard in Resources */,
				92EFCD5E1E5ABC6600B8DC5C /* wind_chimes.wav in Resources */,
				92EB28411E51498400AA5DA8 /* bells.wav in Resources */,
				921A90AD1E55587100F7F6AE /* EditModal.storyboard in Resources */,
			);
			runOnlyForDeploymentPostprocessing = 0;
		};
		9230BEA01E0E0B5A001A12CE /* Resources */ = {
			isa = PBXResourcesBuildPhase;
			buildActionMask = 2147483647;
			files = (
			);
			runOnlyForDeploymentPostprocessing = 0;
		};
		9230BEAB1E0E0B5A001A12CE /* Resources */ = {
			isa = PBXResourcesBuildPhase;
			buildActionMask = 2147483647;
			files = (
			);
			runOnlyForDeploymentPostprocessing = 0;
		};
/* End PBXResourcesBuildPhase section */

/* Begin PBXShellScriptBuildPhase section */
		587C2FDC58989035CE5BD9BE /* [CP] Check Pods Manifest.lock */ = {
			isa = PBXShellScriptBuildPhase;
			buildActionMask = 2147483647;
			files = (
			);
			inputPaths = (
			);
			name = "[CP] Check Pods Manifest.lock";
			outputPaths = (
			);
			runOnlyForDeploymentPostprocessing = 0;
			shellPath = /bin/sh;
			shellScript = "diff \"${PODS_ROOT}/../Podfile.lock\" \"${PODS_ROOT}/Manifest.lock\" > /dev/null\nif [ $? != 0 ] ; then\n    # print error to STDERR\n    echo \"error: The sandbox is not in sync with the Podfile.lock. Run 'pod install' or update your CocoaPods installation.\" >&2\n    exit 1\nfi\n";
			showEnvVarsInLog = 0;
		};
		60336CCED4EF5DDF04F1EB9C /* [CP] Copy Pods Resources */ = {
			isa = PBXShellScriptBuildPhase;
			buildActionMask = 2147483647;
			files = (
			);
			inputPaths = (
			);
			name = "[CP] Copy Pods Resources";
			outputPaths = (
			);
			runOnlyForDeploymentPostprocessing = 0;
			shellPath = /bin/sh;
			shellScript = "\"${SRCROOT}/Pods/Target Support Files/Pods-MeditationUITests/Pods-MeditationUITests-resources.sh\"\n";
			showEnvVarsInLog = 0;
		};
		73A623C995491A180700E24D /* [CP] Embed Pods Frameworks */ = {
			isa = PBXShellScriptBuildPhase;
			buildActionMask = 2147483647;
			files = (
			);
			inputPaths = (
			);
			name = "[CP] Embed Pods Frameworks";
			outputPaths = (
			);
			runOnlyForDeploymentPostprocessing = 0;
			shellPath = /bin/sh;
			shellScript = "\"${SRCROOT}/Pods/Target Support Files/Pods-MeditationUITests/Pods-MeditationUITests-frameworks.sh\"\n";
			showEnvVarsInLog = 0;
		};
		7B4996DA91D034C4C29CDB53 /* [CP] Copy Pods Resources */ = {
			isa = PBXShellScriptBuildPhase;
			buildActionMask = 2147483647;
			files = (
			);
			inputPaths = (
			);
			name = "[CP] Copy Pods Resources";
			outputPaths = (
			);
			runOnlyForDeploymentPostprocessing = 0;
			shellPath = /bin/sh;
			shellScript = "\"${SRCROOT}/Pods/Target Support Files/Pods-Meditation/Pods-Meditation-resources.sh\"\n";
			showEnvVarsInLog = 0;
		};
		7EC0503E6912CD571D5B3619 /* [CP] Check Pods Manifest.lock */ = {
			isa = PBXShellScriptBuildPhase;
			buildActionMask = 2147483647;
			files = (
			);
			inputPaths = (
			);
			name = "[CP] Check Pods Manifest.lock";
			outputPaths = (
			);
			runOnlyForDeploymentPostprocessing = 0;
			shellPath = /bin/sh;
			shellScript = "diff \"${PODS_ROOT}/../Podfile.lock\" \"${PODS_ROOT}/Manifest.lock\" > /dev/null\nif [ $? != 0 ] ; then\n    # print error to STDERR\n    echo \"error: The sandbox is not in sync with the Podfile.lock. Run 'pod install' or update your CocoaPods installation.\" >&2\n    exit 1\nfi\n";
			showEnvVarsInLog = 0;
		};
		83A883F97FAAA1CC60F4A4C7 /* [CP] Embed Pods Frameworks */ = {
			isa = PBXShellScriptBuildPhase;
			buildActionMask = 2147483647;
			files = (
			);
			inputPaths = (
			);
			name = "[CP] Embed Pods Frameworks";
			outputPaths = (
			);
			runOnlyForDeploymentPostprocessing = 0;
			shellPath = /bin/sh;
			shellScript = "\"${SRCROOT}/Pods/Target Support Files/Pods-MeditationTests/Pods-MeditationTests-frameworks.sh\"\n";
			showEnvVarsInLog = 0;
		};
		AEA25D38D33A88A95639AC79 /* [CP] Embed Pods Frameworks */ = {
			isa = PBXShellScriptBuildPhase;
			buildActionMask = 2147483647;
			files = (
			);
			inputPaths = (
			);
			name = "[CP] Embed Pods Frameworks";
			outputPaths = (
			);
			runOnlyForDeploymentPostprocessing = 0;
			shellPath = /bin/sh;
			shellScript = "\"${SRCROOT}/Pods/Target Support Files/Pods-Meditation/Pods-Meditation-frameworks.sh\"\n";
			showEnvVarsInLog = 0;
		};
		BA5DFF7AFCCC41C57A3DF76C /* [CP] Copy Pods Resources */ = {
			isa = PBXShellScriptBuildPhase;
			buildActionMask = 2147483647;
			files = (
			);
			inputPaths = (
			);
			name = "[CP] Copy Pods Resources";
			outputPaths = (
			);
			runOnlyForDeploymentPostprocessing = 0;
			shellPath = /bin/sh;
			shellScript = "\"${SRCROOT}/Pods/Target Support Files/Pods-MeditationTests/Pods-MeditationTests-resources.sh\"\n";
			showEnvVarsInLog = 0;
		};
		C5983663DEA26AC8BD5A05AB /* [CP] Check Pods Manifest.lock */ = {
			isa = PBXShellScriptBuildPhase;
			buildActionMask = 2147483647;
			files = (
			);
			inputPaths = (
			);
			name = "[CP] Check Pods Manifest.lock";
			outputPaths = (
			);
			runOnlyForDeploymentPostprocessing = 0;
			shellPath = /bin/sh;
			shellScript = "diff \"${PODS_ROOT}/../Podfile.lock\" \"${PODS_ROOT}/Manifest.lock\" > /dev/null\nif [ $? != 0 ] ; then\n    # print error to STDERR\n    echo \"error: The sandbox is not in sync with the Podfile.lock. Run 'pod install' or update your CocoaPods installation.\" >&2\n    exit 1\nfi\n";
			showEnvVarsInLog = 0;
		};
/* End PBXShellScriptBuildPhase section */

/* Begin PBXSourcesBuildPhase section */
		9230BE881E0E0B5A001A12CE /* Sources */ = {
			isa = PBXSourcesBuildPhase;
			buildActionMask = 2147483647;
			files = (
				921A90B11E55591B00F7F6AE /* DisplayTableViewCell.swift in Sources */,
				92C732BF1E519C4E0040C859 /* SoundSelectionViewController.swift in Sources */,
				927BE5751E0E19B40073ABFE /* TableCellTypes.swift in Sources */,
				92387A2C1E0E2D9200C86A6D /* TimePickerTableViewCell.swift in Sources */,
				925A3E961E83513100D916D8 /* VisualTimer.swift in Sources */,
				921A90B41E5559C400F7F6AE /* EditModalViewController.swift in Sources */,
				92E60FE61E4966AB00A2E994 /* PickerTableViewCell.swift in Sources */,
				920367B61E78673D004D7690 /* ButtonTableViewCell.swift in Sources */,
				92C092C31E2F73E9006EBB01 /* TimerPickerView.swift in Sources */,
				928E32B51E770C87006D6DB3 /* Model.xcdatamodeld in Sources */,
				928E332E1E77126C006D6DB3 /* TimerTableViewController.swift in Sources */,
				92AB37361E2E01BC004BCC3F /* IntExtension.swift in Sources */,
				92001A311E5F260E00E70A0C /* ToggleTableViewCell.swift in Sources */,
				92B61B1D1E85A12A00672165 /* RoundView.swift in Sources */,
				9230BE901E0E0B5A001A12CE /* AppDelegate.swift in Sources */,
				921A90AF1E55591200F7F6AE /* OptionTableViewCell.swift in Sources */,
				92974FD61E307FAF0056299D /* ColorPalette.swift in Sources */,
				920103951E4867240049A072 /* TimerClass.swift in Sources */,
				925A3E991E8431DA00D916D8 /* TimerDelegate.swift in Sources */,
				92EFCD5A1E5AB6B000B8DC5C /* StringExt+TitleCase.swift in Sources */,
				92C3FC0C1E7AF5ED006FBB2A /* MeditationDisplayTableViewCell.swift in Sources */,
				92F923A01E79B9530043476C /* AdminViewController.swift in Sources */,
				9230BE921E0E0B5A001A12CE /* FirstViewController.swift in Sources */,
				920367B41E78672D004D7690 /* InputTableViewCell.swift in Sources */,
			);
			runOnlyForDeploymentPostprocessing = 0;
		};
		9230BE9E1E0E0B5A001A12CE /* Sources */ = {
			isa = PBXSourcesBuildPhase;
			buildActionMask = 2147483647;
			files = (
				9230BEA71E0E0B5A001A12CE /* MeditationTests.swift in Sources */,
			);
			runOnlyForDeploymentPostprocessing = 0;
		};
		9230BEA91E0E0B5A001A12CE /* Sources */ = {
			isa = PBXSourcesBuildPhase;
			buildActionMask = 2147483647;
			files = (
				9230BEB21E0E0B5A001A12CE /* MeditationUITests.swift in Sources */,
			);
			runOnlyForDeploymentPostprocessing = 0;
		};
/* End PBXSourcesBuildPhase section */

/* Begin PBXTargetDependency section */
		9230BEA41E0E0B5A001A12CE /* PBXTargetDependency */ = {
			isa = PBXTargetDependency;
			target = 9230BE8B1E0E0B5A001A12CE /* Meditation */;
			targetProxy = 9230BEA31E0E0B5A001A12CE /* PBXContainerItemProxy */;
		};
		9230BEAF1E0E0B5A001A12CE /* PBXTargetDependency */ = {
			isa = PBXTargetDependency;
			target = 9230BE8B1E0E0B5A001A12CE /* Meditation */;
			targetProxy = 9230BEAE1E0E0B5A001A12CE /* PBXContainerItemProxy */;
		};
/* End PBXTargetDependency section */

/* Begin PBXVariantGroup section */
		921A90AB1E55587100F7F6AE /* EditModal.storyboard */ = {
			isa = PBXVariantGroup;
			children = (
				921A90AC1E55587100F7F6AE /* Base */,
			);
			name = EditModal.storyboard;
			sourceTree = "<group>";
		};
		9230BE951E0E0B5A001A12CE /* Main.storyboard */ = {
			isa = PBXVariantGroup;
			children = (
				9230BE961E0E0B5A001A12CE /* Base */,
			);
			name = Main.storyboard;
			sourceTree = "<group>";
		};
		9230BE9A1E0E0B5A001A12CE /* LaunchScreen.storyboard */ = {
			isa = PBXVariantGroup;
			children = (
				9230BE9B1E0E0B5A001A12CE /* Base */,
			);
			name = LaunchScreen.storyboard;
			sourceTree = "<group>";
		};
/* End PBXVariantGroup section */

/* Begin XCBuildConfiguration section */
		9230BEB41E0E0B5A001A12CE /* Debug */ = {
			isa = XCBuildConfiguration;
			buildSettings = {
				ALWAYS_SEARCH_USER_PATHS = NO;
				CLANG_ANALYZER_NONNULL = YES;
				CLANG_CXX_LANGUAGE_STANDARD = "gnu++0x";
				CLANG_CXX_LIBRARY = "libc++";
				CLANG_ENABLE_MODULES = YES;
				CLANG_ENABLE_OBJC_ARC = YES;
				CLANG_WARN_BOOL_CONVERSION = YES;
				CLANG_WARN_CONSTANT_CONVERSION = YES;
				CLANG_WARN_DIRECT_OBJC_ISA_USAGE = YES_ERROR;
				CLANG_WARN_DOCUMENTATION_COMMENTS = YES;
				CLANG_WARN_EMPTY_BODY = YES;
				CLANG_WARN_ENUM_CONVERSION = YES;
				CLANG_WARN_INFINITE_RECURSION = YES;
				CLANG_WARN_INT_CONVERSION = YES;
				CLANG_WARN_OBJC_ROOT_CLASS = YES_ERROR;
				CLANG_WARN_SUSPICIOUS_MOVES = YES;
				CLANG_WARN_UNREACHABLE_CODE = YES;
				CLANG_WARN__DUPLICATE_METHOD_MATCH = YES;
				"CODE_SIGN_IDENTITY[sdk=iphoneos*]" = "iPhone Developer";
				COPY_PHASE_STRIP = NO;
				DEBUG_INFORMATION_FORMAT = dwarf;
				ENABLE_STRICT_OBJC_MSGSEND = YES;
				ENABLE_TESTABILITY = YES;
				GCC_C_LANGUAGE_STANDARD = gnu99;
				GCC_DYNAMIC_NO_PIC = NO;
				GCC_NO_COMMON_BLOCKS = YES;
				GCC_OPTIMIZATION_LEVEL = 0;
				GCC_PREPROCESSOR_DEFINITIONS = (
					"DEBUG=1",
					"$(inherited)",
				);
				GCC_WARN_64_TO_32_BIT_CONVERSION = YES;
				GCC_WARN_ABOUT_RETURN_TYPE = YES_ERROR;
				GCC_WARN_UNDECLARED_SELECTOR = YES;
				GCC_WARN_UNINITIALIZED_AUTOS = YES_AGGRESSIVE;
				GCC_WARN_UNUSED_FUNCTION = YES;
				GCC_WARN_UNUSED_VARIABLE = YES;
				IPHONEOS_DEPLOYMENT_TARGET = 10.1;
				MTL_ENABLE_DEBUG_INFO = YES;
				ONLY_ACTIVE_ARCH = YES;
				SDKROOT = iphoneos;
				SWIFT_ACTIVE_COMPILATION_CONDITIONS = DEBUG;
				SWIFT_OPTIMIZATION_LEVEL = "-Onone";
				TARGETED_DEVICE_FAMILY = "1,2";
			};
			name = Debug;
		};
		9230BEB51E0E0B5A001A12CE /* Release */ = {
			isa = XCBuildConfiguration;
			buildSettings = {
				ALWAYS_SEARCH_USER_PATHS = NO;
				CLANG_ANALYZER_NONNULL = YES;
				CLANG_CXX_LANGUAGE_STANDARD = "gnu++0x";
				CLANG_CXX_LIBRARY = "libc++";
				CLANG_ENABLE_MODULES = YES;
				CLANG_ENABLE_OBJC_ARC = YES;
				CLANG_WARN_BOOL_CONVERSION = YES;
				CLANG_WARN_CONSTANT_CONVERSION = YES;
				CLANG_WARN_DIRECT_OBJC_ISA_USAGE = YES_ERROR;
				CLANG_WARN_DOCUMENTATION_COMMENTS = YES;
				CLANG_WARN_EMPTY_BODY = YES;
				CLANG_WARN_ENUM_CONVERSION = YES;
				CLANG_WARN_INFINITE_RECURSION = YES;
				CLANG_WARN_INT_CONVERSION = YES;
				CLANG_WARN_OBJC_ROOT_CLASS = YES_ERROR;
				CLANG_WARN_SUSPICIOUS_MOVES = YES;
				CLANG_WARN_UNREACHABLE_CODE = YES;
				CLANG_WARN__DUPLICATE_METHOD_MATCH = YES;
				"CODE_SIGN_IDENTITY[sdk=iphoneos*]" = "iPhone Developer";
				COPY_PHASE_STRIP = NO;
				DEBUG_INFORMATION_FORMAT = "dwarf-with-dsym";
				ENABLE_NS_ASSERTIONS = NO;
				ENABLE_STRICT_OBJC_MSGSEND = YES;
				GCC_C_LANGUAGE_STANDARD = gnu99;
				GCC_NO_COMMON_BLOCKS = YES;
				GCC_WARN_64_TO_32_BIT_CONVERSION = YES;
				GCC_WARN_ABOUT_RETURN_TYPE = YES_ERROR;
				GCC_WARN_UNDECLARED_SELECTOR = YES;
				GCC_WARN_UNINITIALIZED_AUTOS = YES_AGGRESSIVE;
				GCC_WARN_UNUSED_FUNCTION = YES;
				GCC_WARN_UNUSED_VARIABLE = YES;
				IPHONEOS_DEPLOYMENT_TARGET = 10.1;
				MTL_ENABLE_DEBUG_INFO = NO;
				SDKROOT = iphoneos;
				SWIFT_OPTIMIZATION_LEVEL = "-Owholemodule";
				TARGETED_DEVICE_FAMILY = "1,2";
				VALIDATE_PRODUCT = YES;
			};
			name = Release;
		};
		9230BEB71E0E0B5A001A12CE /* Debug */ = {
			isa = XCBuildConfiguration;
			baseConfigurationReference = 44665835D15A12F6671237B7 /* Pods-Meditation.debug.xcconfig */;
			buildSettings = {
				ASSETCATALOG_COMPILER_APPICON_NAME = AppIcon;
				FRAMEWORK_SEARCH_PATHS = (
					"$(inherited)",
					"\"$PODS_CONFIGURATION_BUILD_DIR/LogKit\"",
					"\"$PODS_CONFIGURATION_BUILD_DIR/Dollar\"",
					"\"$PODS_CONFIGURATION_BUILD_DIR/Cent\"",
				);
				"FRAMEWORK_SEARCH_PATHS[arch=*]" = (
					"$(inherited)",
					"@executable_path/Frameworks",
				);
				INFOPLIST_FILE = Meditation/Info.plist;
				LD_RUNPATH_SEARCH_PATHS = "$(inherited) @executable_path/Frameworks";
				PRODUCT_BUNDLE_IDENTIFIER = Dack.Meditation;
				PRODUCT_NAME = "$(TARGET_NAME)";
				REEXPORTED_FRAMEWORK_NAMES = "";
				SWIFT_VERSION = 3.0;
			};
			name = Debug;
		};
		9230BEB81E0E0B5A001A12CE /* Release */ = {
			isa = XCBuildConfiguration;
			baseConfigurationReference = AC8804A14E13D0235D5A4054 /* Pods-Meditation.release.xcconfig */;
			buildSettings = {
				ASSETCATALOG_COMPILER_APPICON_NAME = AppIcon;
				FRAMEWORK_SEARCH_PATHS = (
					"$(inherited)",
					"\"$PODS_CONFIGURATION_BUILD_DIR/LogKit\"",
					"\"$PODS_CONFIGURATION_BUILD_DIR/Dollar\"",
					"\"$PODS_CONFIGURATION_BUILD_DIR/Cent\"",
				);
				"FRAMEWORK_SEARCH_PATHS[arch=*]" = (
					"$(inherited)",
					"@executable_path/Frameworks",
				);
				INFOPLIST_FILE = Meditation/Info.plist;
				LD_RUNPATH_SEARCH_PATHS = "$(inherited) @executable_path/Frameworks";
				PRODUCT_BUNDLE_IDENTIFIER = Dack.Meditation;
				PRODUCT_NAME = "$(TARGET_NAME)";
				REEXPORTED_FRAMEWORK_NAMES = "";
				SWIFT_VERSION = 3.0;
			};
			name = Release;
		};
		9230BEBA1E0E0B5A001A12CE /* Debug */ = {
			isa = XCBuildConfiguration;
			baseConfigurationReference = B4D4A9C2E875899CC21185B5 /* Pods-MeditationTests.debug.xcconfig */;
			buildSettings = {
				ALWAYS_EMBED_SWIFT_STANDARD_LIBRARIES = YES;
				BUNDLE_LOADER = "$(TEST_HOST)";
				INFOPLIST_FILE = MeditationTests/Info.plist;
				LD_RUNPATH_SEARCH_PATHS = "$(inherited) @executable_path/Frameworks @loader_path/Frameworks";
				PRODUCT_BUNDLE_IDENTIFIER = Dack.MeditationTests;
				PRODUCT_NAME = "$(TARGET_NAME)";
				SWIFT_VERSION = 3.0;
				TEST_HOST = "$(BUILT_PRODUCTS_DIR)/Meditation.app/Meditation";
			};
			name = Debug;
		};
		9230BEBB1E0E0B5A001A12CE /* Release */ = {
			isa = XCBuildConfiguration;
			baseConfigurationReference = C99545A22D3F9BCD4D00F7A1 /* Pods-MeditationTests.release.xcconfig */;
			buildSettings = {
				ALWAYS_EMBED_SWIFT_STANDARD_LIBRARIES = YES;
				BUNDLE_LOADER = "$(TEST_HOST)";
				INFOPLIST_FILE = MeditationTests/Info.plist;
				LD_RUNPATH_SEARCH_PATHS = "$(inherited) @executable_path/Frameworks @loader_path/Frameworks";
				PRODUCT_BUNDLE_IDENTIFIER = Dack.MeditationTests;
				PRODUCT_NAME = "$(TARGET_NAME)";
				SWIFT_VERSION = 3.0;
				TEST_HOST = "$(BUILT_PRODUCTS_DIR)/Meditation.app/Meditation";
			};
			name = Release;
		};
		9230BEBD1E0E0B5A001A12CE /* Debug */ = {
			isa = XCBuildConfiguration;
			baseConfigurationReference = 0146E2875DBE1AE8D25A0205 /* Pods-MeditationUITests.debug.xcconfig */;
			buildSettings = {
				ALWAYS_EMBED_SWIFT_STANDARD_LIBRARIES = YES;
				INFOPLIST_FILE = MeditationUITests/Info.plist;
				LD_RUNPATH_SEARCH_PATHS = "$(inherited) @executable_path/Frameworks @loader_path/Frameworks";
				PRODUCT_BUNDLE_IDENTIFIER = Dack.MeditationUITests;
				PRODUCT_NAME = "$(TARGET_NAME)";
				SWIFT_VERSION = 3.0;
				TEST_TARGET_NAME = Meditation;
			};
			name = Debug;
		};
		9230BEBE1E0E0B5A001A12CE /* Release */ = {
			isa = XCBuildConfiguration;
			baseConfigurationReference = 0D9193724619460F99C623FA /* Pods-MeditationUITests.release.xcconfig */;
			buildSettings = {
				ALWAYS_EMBED_SWIFT_STANDARD_LIBRARIES = YES;
				INFOPLIST_FILE = MeditationUITests/Info.plist;
				LD_RUNPATH_SEARCH_PATHS = "$(inherited) @executable_path/Frameworks @loader_path/Frameworks";
				PRODUCT_BUNDLE_IDENTIFIER = Dack.MeditationUITests;
				PRODUCT_NAME = "$(TARGET_NAME)";
				SWIFT_VERSION = 3.0;
				TEST_TARGET_NAME = Meditation;
			};
			name = Release;
		};
/* End XCBuildConfiguration section */

/* Begin XCConfigurationList section */
		9230BE871E0E0B5A001A12CE /* Build configuration list for PBXProject "Meditation" */ = {
			isa = XCConfigurationList;
			buildConfigurations = (
				9230BEB41E0E0B5A001A12CE /* Debug */,
				9230BEB51E0E0B5A001A12CE /* Release */,
			);
			defaultConfigurationIsVisible = 0;
			defaultConfigurationName = Release;
		};
		9230BEB61E0E0B5A001A12CE /* Build configuration list for PBXNativeTarget "Meditation" */ = {
			isa = XCConfigurationList;
			buildConfigurations = (
				9230BEB71E0E0B5A001A12CE /* Debug */,
				9230BEB81E0E0B5A001A12CE /* Release */,
			);
			defaultConfigurationIsVisible = 0;
			defaultConfigurationName = Release;
		};
		9230BEB91E0E0B5A001A12CE /* Build configuration list for PBXNativeTarget "MeditationTests" */ = {
			isa = XCConfigurationList;
			buildConfigurations = (
				9230BEBA1E0E0B5A001A12CE /* Debug */,
				9230BEBB1E0E0B5A001A12CE /* Release */,
			);
			defaultConfigurationIsVisible = 0;
			defaultConfigurationName = Release;
		};
		9230BEBC1E0E0B5A001A12CE /* Build configuration list for PBXNativeTarget "MeditationUITests" */ = {
			isa = XCConfigurationList;
			buildConfigurations = (
				9230BEBD1E0E0B5A001A12CE /* Debug */,
				9230BEBE1E0E0B5A001A12CE /* Release */,
			);
			defaultConfigurationIsVisible = 0;
			defaultConfigurationName = Release;
		};
/* End XCConfigurationList section */

/* Begin XCVersionGroup section */
		928E32B31E770C87006D6DB3 /* Model.xcdatamodeld */ = {
			isa = XCVersionGroup;
			children = (
				92B61B1E1E85E1AD00672165 /* Model 7.xcdatamodel */,
				922464761E8471BE007CCE0E /* Model 6.xcdatamodel */,
				9202B1AD1E7B0EAA0009B066 /* Model 5.xcdatamodel */,
				9202B1AC1E7B09210009B066 /* Model 4.xcdatamodel */,
				92F9239E1E79A4430043476C /* Model 3.xcdatamodel */,
				920367B71E7895AF004D7690 /* Model 2.xcdatamodel */,
				928E32B41E770C87006D6DB3 /* Model.xcdatamodel */,
			);
			currentVersion = 92B61B1E1E85E1AD00672165 /* Model 7.xcdatamodel */;
			path = Model.xcdatamodeld;
			sourceTree = "<group>";
			versionGroupType = wrapper.xcdatamodel;
		};
/* End XCVersionGroup section */
	};
	rootObject = 9230BE841E0E0B5A001A12CE /* Project object */;
}
